PODS:
  - GoogleMaps (2.7.0):
    - GoogleMaps/Maps (= 2.7.0)
  - GoogleMaps/Base (2.7.0)
  - GoogleMaps/Maps (2.7.0):
    - GoogleMaps/Base

DEPENDENCIES:
  - GoogleMaps

SPEC REPOS:
  https://github.com/CocoaPods/Specs.git:
    - GoogleMaps

SPEC CHECKSUMS:
  GoogleMaps: f79af95cb24d869457b1f961c93d3ce8b2f3b848

PODFILE CHECKSUM: ad086f42a641ef675e97bd64c1edee6e74397cad

COCOAPODS: 1.5.0
