// !$*UTF8*$!
{
	archiveVersion = 1;
	classes = {
	};
	objectVersion = 50;
	objects = {

/* Begin PBXBuildFile section */
		6EAA5562219E0753009A0E70 /* AppDelegate.swift in Sources */ = {isa = PBXBuildFile; fileRef = 6EAA5561219E0753009A0E70 /* AppDelegate.swift */; };
		6EAA5564219E0753009A0E70 /* ViewController.swift in Sources */ = {isa = PBXBuildFile; fileRef = 6EAA5563219E0753009A0E70 /* ViewController.swift */; };
		6EAA5567219E0753009A0E70 /* Main.storyboard in Resources */ = {isa = PBXBuildFile; fileRef = 6EAA5565219E0753009A0E70 /* Main.storyboard */; };
		6EAA556A219E0753009A0E70 /* Honeywell_LAANC.xcdatamodeld in Sources */ = {isa = PBXBuildFile; fileRef = 6EAA5568219E0753009A0E70 /* Honeywell_LAANC.xcdatamodeld */; };
		6EAA556C219E0755009A0E70 /* Assets.xcassets in Resources */ = {isa = PBXBuildFile; fileRef = 6EAA556B219E0755009A0E70 /* Assets.xcassets */; };
		6EAA556F219E0755009A0E70 /* LaunchScreen.storyboard in Resources */ = {isa = PBXBuildFile; fileRef = 6EAA556D219E0755009A0E70 /* LaunchScreen.storyboard */; };
		6EAA5578219E0E26009A0E70 /* MapKit.framework in Frameworks */ = {isa = PBXBuildFile; fileRef = 6EAA5577219E0E26009A0E70 /* MapKit.framework */; };
		EED590C921FE0D2E00702A79 /* MyDronesViewController.swift in Sources */ = {isa = PBXBuildFile; fileRef = EED590C821FE0D2E00702A79 /* MyDronesViewController.swift */; };
		EED590CB21FE0FED00702A79 /* AddDroneViewController.swift in Sources */ = {isa = PBXBuildFile; fileRef = EED590CA21FE0FED00702A79 /* AddDroneViewController.swift */; };
/* End PBXBuildFile section */

/* Begin PBXFileReference section */
		6EAA555E219E0753009A0E70 /* Honeywell LAANC.app */ = {isa = PBXFileReference; explicitFileType = wrapper.application; includeInIndex = 0; path = "Honeywell LAANC.app"; sourceTree = BUILT_PRODUCTS_DIR; };
		6EAA5561219E0753009A0E70 /* AppDelegate.swift */ = {isa = PBXFileReference; lastKnownFileType = sourcecode.swift; path = AppDelegate.swift; sourceTree = "<group>"; };
		6EAA5563219E0753009A0E70 /* ViewController.swift */ = {isa = PBXFileReference; lastKnownFileType = sourcecode.swift; path = ViewController.swift; sourceTree = "<group>"; };
		6EAA5566219E0753009A0E70 /* Base */ = {isa = PBXFileReference; lastKnownFileType = file.storyboard; name = Base; path = Base.lproj/Main.storyboard; sourceTree = "<group>"; };
		6EAA5569219E0753009A0E70 /* Honeywell_LAANC.xcdatamodel */ = {isa = PBXFileReference; lastKnownFileType = wrapper.xcdatamodel; path = Honeywell_LAANC.xcdatamodel; sourceTree = "<group>"; };
		6EAA556B219E0755009A0E70 /* Assets.xcassets */ = {isa = PBXFileReference; lastKnownFileType = folder.assetcatalog; path = Assets.xcassets; sourceTree = "<group>"; };
		6EAA556E219E0755009A0E70 /* Base */ = {isa = PBXFileReference; lastKnownFileType = file.storyboard; name = Base; path = Base.lproj/LaunchScreen.storyboard; sourceTree = "<group>"; };
		6EAA5570219E0755009A0E70 /* Info.plist */ = {isa = PBXFileReference; lastKnownFileType = text.plist.xml; path = Info.plist; sourceTree = "<group>"; };
		6EAA5577219E0E26009A0E70 /* MapKit.framework */ = {isa = PBXFileReference; lastKnownFileType = wrapper.framework; name = MapKit.framework; path = System/Library/Frameworks/MapKit.framework; sourceTree = SDKROOT; };
		EED590C821FE0D2E00702A79 /* MyDronesViewController.swift */ = {isa = PBXFileReference; lastKnownFileType = sourcecode.swift; path = MyDronesViewController.swift; sourceTree = "<group>"; };
		EED590CA21FE0FED00702A79 /* AddDroneViewController.swift */ = {isa = PBXFileReference; lastKnownFileType = sourcecode.swift; path = AddDroneViewController.swift; sourceTree = "<group>"; };
/* End PBXFileReference section */

/* Begin PBXFrameworksBuildPhase section */
		6EAA555B219E0753009A0E70 /* Frameworks */ = {
			isa = PBXFrameworksBuildPhase;
			buildActionMask = 2147483647;
			files = (
				6EAA5578219E0E26009A0E70 /* MapKit.framework in Frameworks */,
			);
			runOnlyForDeploymentPostprocessing = 0;
		};
/* End PBXFrameworksBuildPhase section */

/* Begin PBXGroup section */
		6EAA5555219E0752009A0E70 = {
			isa = PBXGroup;
			children = (
				6EAA5560219E0753009A0E70 /* Honeywell LAANC */,
				6EAA555F219E0753009A0E70 /* Products */,
				6EAA5576219E0E26009A0E70 /* Frameworks */,
			);
			sourceTree = "<group>";
		};
		6EAA555F219E0753009A0E70 /* Products */ = {
			isa = PBXGroup;
			children = (
				6EAA555E219E0753009A0E70 /* Honeywell LAANC.app */,
			);
			name = Products;
			sourceTree = "<group>";
		};
		6EAA5560219E0753009A0E70 /* Honeywell LAANC */ = {
			isa = PBXGroup;
			children = (
				6EAA5561219E0753009A0E70 /* AppDelegate.swift */,
				6EAA5563219E0753009A0E70 /* ViewController.swift */,
				6EAA5565219E0753009A0E70 /* Main.storyboard */,
				6EAA556B219E0755009A0E70 /* Assets.xcassets */,
				6EAA556D219E0755009A0E70 /* LaunchScreen.storyboard */,
				6EAA5570219E0755009A0E70 /* Info.plist */,
				6EAA5568219E0753009A0E70 /* Honeywell_LAANC.xcdatamodeld */,
				EED590C821FE0D2E00702A79 /* MyDronesViewController.swift */,
				EED590CA21FE0FED00702A79 /* AddDroneViewController.swift */,
			);
			path = "Honeywell LAANC";
			sourceTree = "<group>";
		};
		6EAA5576219E0E26009A0E70 /* Frameworks */ = {
			isa = PBXGroup;
			children = (
				6EAA5577219E0E26009A0E70 /* MapKit.framework */,
			);
			name = Frameworks;
			sourceTree = "<group>";
		};
/* End PBXGroup section */

/* Begin PBXNativeTarget section */
		6EAA555D219E0753009A0E70 /* Honeywell LAANC */ = {
			isa = PBXNativeTarget;
			buildConfigurationList = 6EAA5573219E0755009A0E70 /* Build configuration list for PBXNativeTarget "Honeywell LAANC" */;
			buildPhases = (
				6EAA555A219E0753009A0E70 /* Sources */,
				6EAA555B219E0753009A0E70 /* Frameworks */,
				6EAA555C219E0753009A0E70 /* Resources */,
			);
			buildRules = (
			);
			dependencies = (
			);
			name = "Honeywell LAANC";
			productName = "Honeywell LAANC";
			productReference = 6EAA555E219E0753009A0E70 /* Honeywell LAANC.app */;
			productType = "com.apple.product-type.application";
		};
/* End PBXNativeTarget section */

/* Begin PBXProject section */
		6EAA5556219E0752009A0E70 /* Project object */ = {
			isa = PBXProject;
			attributes = {
				LastSwiftUpdateCheck = 1010;
				LastUpgradeCheck = 1010;
				ORGANIZATIONNAME = jrdesign;
				TargetAttributes = {
					6EAA555D219E0753009A0E70 = {
						CreatedOnToolsVersion = 10.1;
						SystemCapabilities = {
							com.apple.Maps.iOS = {
								enabled = 1;
							};
						};
					};
				};
			};
			buildConfigurationList = 6EAA5559219E0752009A0E70 /* Build configuration list for PBXProject "Honeywell LAANC" */;
			compatibilityVersion = "Xcode 9.3";
			developmentRegion = en;
			hasScannedForEncodings = 0;
			knownRegions = (
				en,
				Base,
			);
			mainGroup = 6EAA5555219E0752009A0E70;
			productRefGroup = 6EAA555F219E0753009A0E70 /* Products */;
			projectDirPath = "";
			projectRoot = "";
			targets = (
				6EAA555D219E0753009A0E70 /* Honeywell LAANC */,
			);
		};
/* End PBXProject section */

/* Begin PBXResourcesBuildPhase section */
		6EAA555C219E0753009A0E70 /* Resources */ = {
			isa = PBXResourcesBuildPhase;
			buildActionMask = 2147483647;
			files = (
				6EAA556F219E0755009A0E70 /* LaunchScreen.storyboard in Resources */,
				6EAA556C219E0755009A0E70 /* Assets.xcassets in Resources */,
				6EAA5567219E0753009A0E70 /* Main.storyboard in Resources */,
			);
			runOnlyForDeploymentPostprocessing = 0;
		};
/* End PBXResourcesBuildPhase section */

/* Begin PBXSourcesBuildPhase section */
		6EAA555A219E0753009A0E70 /* Sources */ = {
			isa = PBXSourcesBuildPhase;
			buildActionMask = 2147483647;
			files = (
				EED590CB21FE0FED00702A79 /* AddDroneViewController.swift in Sources */,
				6EAA5564219E0753009A0E70 /* ViewController.swift in Sources */,
				6EAA5562219E0753009A0E70 /* AppDelegate.swift in Sources */,
				6EAA556A219E0753009A0E70 /* Honeywell_LAANC.xcdatamodeld in Sources */,
				EED590C921FE0D2E00702A79 /* MyDronesViewController.swift in Sources */,
			);
			runOnlyForDeploymentPostprocessing = 0;
		};
/* End PBXSourcesBuildPhase section */

/* Begin PBXVariantGroup section */
		6EAA5565219E0753009A0E70 /* Main.storyboard */ = {
			isa = PBXVariantGroup;
			children = (
				6EAA5566219E0753009A0E70 /* Base */,
			);
			name = Main.storyboard;
			sourceTree = "<group>";
		};
		6EAA556D219E0755009A0E70 /* LaunchScreen.storyboard */ = {
			isa = PBXVariantGroup;
			children = (
				6EAA556E219E0755009A0E70 /* Base */,
			);
			name = LaunchScreen.storyboard;
			sourceTree = "<group>";
		};
/* End PBXVariantGroup section */

/* Begin XCBuildConfiguration section */
		6EAA5571219E0755009A0E70 /* Debug */ = {
			isa = XCBuildConfiguration;
			buildSettings = {
				ALWAYS_SEARCH_USER_PATHS = NO;
				CLANG_ANALYZER_NONNULL = YES;
				CLANG_ANALYZER_NUMBER_OBJECT_CONVERSION = YES_AGGRESSIVE;
				CLANG_CXX_LANGUAGE_STANDARD = "gnu++14";
				CLANG_CXX_LIBRARY = "libc++";
				CLANG_ENABLE_MODULES = YES;
				CLANG_ENABLE_OBJC_ARC = YES;
				CLANG_ENABLE_OBJC_WEAK = YES;
				CLANG_WARN_BLOCK_CAPTURE_AUTORELEASING = YES;
				CLANG_WARN_BOOL_CONVERSION = YES;
				CLANG_WARN_COMMA = YES;
				CLANG_WARN_CONSTANT_CONVERSION = YES;
				CLANG_WARN_DEPRECATED_OBJC_IMPLEMENTATIONS = YES;
				CLANG_WARN_DIRECT_OBJC_ISA_USAGE = YES_ERROR;
				CLANG_WARN_DOCUMENTATION_COMMENTS = YES;
				CLANG_WARN_EMPTY_BODY = YES;
				CLANG_WARN_ENUM_CONVERSION = YES;
				CLANG_WARN_INFINITE_RECURSION = YES;
				CLANG_WARN_INT_CONVERSION = YES;
				CLANG_WARN_NON_LITERAL_NULL_CONVERSION = YES;
				CLANG_WARN_OBJC_IMPLICIT_RETAIN_SELF = YES;
				CLANG_WARN_OBJC_LITERAL_CONVERSION = YES;
				CLANG_WARN_OBJC_ROOT_CLASS = YES_ERROR;
				CLANG_WARN_RANGE_LOOP_ANALYSIS = YES;
				CLANG_WARN_STRICT_PROTOTYPES = YES;
				CLANG_WARN_SUSPICIOUS_MOVE = YES;
				CLANG_WARN_UNGUARDED_AVAILABILITY = YES_AGGRESSIVE;
				CLANG_WARN_UNREACHABLE_CODE = YES;
				CLANG_WARN__DUPLICATE_METHOD_MATCH = YES;
				CODE_SIGN_IDENTITY = "iPhone Developer";
				COPY_PHASE_STRIP = NO;
				DEBUG_INFORMATION_FORMAT = dwarf;
				ENABLE_STRICT_OBJC_MSGSEND = YES;
				ENABLE_TESTABILITY = YES;
				GCC_C_LANGUAGE_STANDARD = gnu11;
				GCC_DYNAMIC_NO_PIC = NO;
				GCC_NO_COMMON_BLOCKS = YES;
				GCC_OPTIMIZATION_LEVEL = 0;
				GCC_PREPROCESSOR_DEFINITIONS = (
					"DEBUG=1",
					"$(inherited)",
				);
				GCC_WARN_64_TO_32_BIT_CONVERSION = YES;
				GCC_WARN_ABOUT_RETURN_TYPE = YES_ERROR;
				GCC_WARN_UNDECLARED_SELECTOR = YES;
				GCC_WARN_UNINITIALIZED_AUTOS = YES_AGGRESSIVE;
				GCC_WARN_UNUSED_FUNCTION = YES;
				GCC_WARN_UNUSED_VARIABLE = YES;
				IPHONEOS_DEPLOYMENT_TARGET = 12.1;
				MTL_ENABLE_DEBUG_INFO = INCLUDE_SOURCE;
				MTL_FAST_MATH = YES;
				ONLY_ACTIVE_ARCH = YES;
				SDKROOT = iphoneos;
				SWIFT_ACTIVE_COMPILATION_CONDITIONS = DEBUG;
				SWIFT_OPTIMIZATION_LEVEL = "-Onone";
			};
			name = Debug;
		};
		6EAA5572219E0755009A0E70 /* Release */ = {
			isa = XCBuildConfiguration;
			buildSettings = {
				ALWAYS_SEARCH_USER_PATHS = NO;
				CLANG_ANALYZER_NONNULL = YES;
				CLANG_ANALYZER_NUMBER_OBJECT_CONVERSION = YES_AGGRESSIVE;
				CLANG_CXX_LANGUAGE_STANDARD = "gnu++14";
				CLANG_CXX_LIBRARY = "libc++";
				CLANG_ENABLE_MODULES = YES;
				CLANG_ENABLE_OBJC_ARC = YES;
				CLANG_ENABLE_OBJC_WEAK = YES;
				CLANG_WARN_BLOCK_CAPTURE_AUTORELEASING = YES;
				CLANG_WARN_BOOL_CONVERSION = YES;
				CLANG_WARN_COMMA = YES;
				CLANG_WARN_CONSTANT_CONVERSION = YES;
				CLANG_WARN_DEPRECATED_OBJC_IMPLEMENTATIONS = YES;
				CLANG_WARN_DIRECT_OBJC_ISA_USAGE = YES_ERROR;
				CLANG_WARN_DOCUMENTATION_COMMENTS = YES;
				CLANG_WARN_EMPTY_BODY = YES;
				CLANG_WARN_ENUM_CONVERSION = YES;
				CLANG_WARN_INFINITE_RECURSION = YES;
				CLANG_WARN_INT_CONVERSION = YES;
				CLANG_WARN_NON_LITERAL_NULL_CONVERSION = YES;
				CLANG_WARN_OBJC_IMPLICIT_RETAIN_SELF = YES;
				CLANG_WARN_OBJC_LITERAL_CONVERSION = YES;
				CLANG_WARN_OBJC_ROOT_CLASS = YES_ERROR;
				CLANG_WARN_RANGE_LOOP_ANALYSIS = YES;
				CLANG_WARN_STRICT_PROTOTYPES = YES;
				CLANG_WARN_SUSPICIOUS_MOVE = YES;
				CLANG_WARN_UNGUARDED_AVAILABILITY = YES_AGGRESSIVE;
				CLANG_WARN_UNREACHABLE_CODE = YES;
				CLANG_WARN__DUPLICATE_METHOD_MATCH = YES;
				CODE_SIGN_IDENTITY = "iPhone Developer";
				COPY_PHASE_STRIP = NO;
				DEBUG_INFORMATION_FORMAT = "dwarf-with-dsym";
				ENABLE_NS_ASSERTIONS = NO;
				ENABLE_STRICT_OBJC_MSGSEND = YES;
				GCC_C_LANGUAGE_STANDARD = gnu11;
				GCC_NO_COMMON_BLOCKS = YES;
				GCC_WARN_64_TO_32_BIT_CONVERSION = YES;
				GCC_WARN_ABOUT_RETURN_TYPE = YES_ERROR;
				GCC_WARN_UNDECLARED_SELECTOR = YES;
				GCC_WARN_UNINITIALIZED_AUTOS = YES_AGGRESSIVE;
				GCC_WARN_UNUSED_FUNCTION = YES;
				GCC_WARN_UNUSED_VARIABLE = YES;
				IPHONEOS_DEPLOYMENT_TARGET = 12.1;
				MTL_ENABLE_DEBUG_INFO = NO;
				MTL_FAST_MATH = YES;
				SDKROOT = iphoneos;
				SWIFT_COMPILATION_MODE = wholemodule;
				SWIFT_OPTIMIZATION_LEVEL = "-O";
				VALIDATE_PRODUCT = YES;
			};
			name = Release;
		};
		6EAA5574219E0755009A0E70 /* Debug */ = {
			isa = XCBuildConfiguration;
			buildSettings = {
				ASSETCATALOG_COMPILER_APPICON_NAME = AppIcon;
				CODE_SIGN_STYLE = Automatic;
				DEVELOPMENT_TEAM = 87GHM986NK;
				INFOPLIST_FILE = "Honeywell LAANC/Info.plist";
				IPHONEOS_DEPLOYMENT_TARGET = 12.0;
				LD_RUNPATH_SEARCH_PATHS = (
					"$(inherited)",
					"@executable_path/Frameworks",
				);
				PRODUCT_BUNDLE_IDENTIFIER = "paris.ideas.Honeywell-LAANC";
				PRODUCT_NAME = "$(TARGET_NAME)";
				SWIFT_VERSION = 4.2;
				TARGETED_DEVICE_FAMILY = 2;
			};
			name = Debug;
		};
		6EAA5575219E0755009A0E70 /* Release */ = {
			isa = XCBuildConfiguration;
			buildSettings = {
				ASSETCATALOG_COMPILER_APPICON_NAME = AppIcon;
				CODE_SIGN_STYLE = Automatic;
				DEVELOPMENT_TEAM = 87GHM986NK;
				INFOPLIST_FILE = "Honeywell LAANC/Info.plist";
				IPHONEOS_DEPLOYMENT_TARGET = 12.0;
				LD_RUNPATH_SEARCH_PATHS = (
					"$(inherited)",
					"@executable_path/Frameworks",
				);
				PRODUCT_BUNDLE_IDENTIFIER = "paris.ideas.Honeywell-LAANC";
				PRODUCT_NAME = "$(TARGET_NAME)";
				SWIFT_VERSION = 4.2;
				TARGETED_DEVICE_FAMILY = 2;
			};
			name = Release;
		};
/* End XCBuildConfiguration section */

/* Begin XCConfigurationList section */
		6EAA5559219E0752009A0E70 /* Build configuration list for PBXProject "Honeywell LAANC" */ = {
			isa = XCConfigurationList;
			buildConfigurations = (
				6EAA5571219E0755009A0E70 /* Debug */,
				6EAA5572219E0755009A0E70 /* Release */,
			);
			defaultConfigurationIsVisible = 0;
			defaultConfigurationName = Release;
		};
		6EAA5573219E0755009A0E70 /* Build configuration list for PBXNativeTarget "Honeywell LAANC" */ = {
			isa = XCConfigurationList;
			buildConfigurations = (
				6EAA5574219E0755009A0E70 /* Debug */,
				6EAA5575219E0755009A0E70 /* Release */,
			);
			defaultConfigurationIsVisible = 0;
			defaultConfigurationName = Release;
		};
/* End XCConfigurationList section */

/* Begin XCVersionGroup section */
		6EAA5568219E0753009A0E70 /* Honeywell_LAANC.xcdatamodeld */ = {
			isa = XCVersionGroup;
			children = (
				6EAA5569219E0753009A0E70 /* Honeywell_LAANC.xcdatamodel */,
			);
			currentVersion = 6EAA5569219E0753009A0E70 /* Honeywell_LAANC.xcdatamodel */;
			path = Honeywell_LAANC.xcdatamodeld;
			sourceTree = "<group>";
			versionGroupType = wrapper.xcdatamodel;
		};
/* End XCVersionGroup section */
	};
	rootObject = 6EAA5556219E0752009A0E70 /* Project object */;
}
